{
  "name": "scoutify-project",
  "lockfileVersion": 3,
  "requires": true,
  "packages": {
    "": {
      "dependencies": {
        "@dnd-kit/core": "^6.2.0",
        "@dnd-kit/sortable": "^9.0.0",
        "@dnd-kit/utilities": "^3.2.2",
        "@hello-pangea/dnd": "^17.0.0",
        "@radix-ui/react-direction": "^1.1.0",
        "@radix-ui/react-tabs": "^1.1.1",
        "clsx": "^2.1.1",
        "lucide-react": "^0.460.0",
        "react": "^18.3.1",
        "react-dnd": "^16.0.1",
        "react-dnd-html5-backend": "^16.0.1",
        "react-dom": "^18.3.1",
        "react-router-dom": "^6.28.0",
        "tailwind-merge": "^2.5.5"
      }
    },
    "node_modules/@babel/runtime": {
      "version": "7.26.0",
      "resolved": "https://registry.npmjs.org/@babel/runtime/-/runtime-7.26.0.tgz",
      "integrity": "sha512-FDSOghenHTiToteC/QRlv2q3DhPZ/oOXTBoirfWNx1Cx3TMVcGWQtMMmQcSvb/JjpNeGzx8Pq/b4fKEJuWm1sw==",
      "dependencies": {
        "regenerator-runtime": "^0.14.0"
      },
      "engines": {
        "node": ">=6.9.0"
      }
    },
    "node_modules/@dnd-kit/accessibility": {
      "version": "3.1.1",
      "resolved": "https://registry.npmjs.org/@dnd-kit/accessibility/-/accessibility-3.1.1.tgz",
      "integrity": "sha512-2P+YgaXF+gRsIihwwY1gCsQSYnu9Zyj2py8kY5fFvUM1qm2WA2u639R6YNVfU4GWr+ZM5mqEsfHZZLoRONbemw==",
      "dependencies": {
        "tslib": "^2.0.0"
      },
      "peerDependencies": {
        "react": ">=16.8.0"
      }
    },
    "node_modules/@dnd-kit/core": {
      "version": "6.2.0",
      "resolved": "https://registry.npmjs.org/@dnd-kit/core/-/core-6.2.0.tgz",
      "integrity": "sha512-KVK/CJmaYGTxTPU6P0+Oy4itgffTUa80B8317sXzfOr1qUzSL29jE7Th11llXiu2haB7B9Glpzo2CDElin+geQ==",
      "dependencies": {
        "@dnd-kit/accessibility": "^3.1.1",
        "@dnd-kit/utilities": "^3.2.2",
        "tslib": "^2.0.0"
      },
      "peerDependencies": {
        "react": ">=16.8.0",
        "react-dom": ">=16.8.0"
      }
    },
    "node_modules/@dnd-kit/sortable": {
      "version": "9.0.0",
      "resolved": "https://registry.npmjs.org/@dnd-kit/sortable/-/sortable-9.0.0.tgz",
      "integrity": "sha512-3/9r8Mmba0nKTbo8kPnVSFZKf/VSy94nXZ3aUwzPEh78j/LooQ/EFKRZENak4PHKBkN53mgTF/z+Sd8H+FcAnQ==",
      "dependencies": {
        "@dnd-kit/utilities": "^3.2.2",
        "tslib": "^2.0.0"
      },
      "peerDependencies": {
        "@dnd-kit/core": "^6.2.0",
        "react": ">=16.8.0"
      }
    },
    "node_modules/@dnd-kit/utilities": {
      "version": "3.2.2",
      "resolved": "https://registry.npmjs.org/@dnd-kit/utilities/-/utilities-3.2.2.tgz",
      "integrity": "sha512-+MKAJEOfaBe5SmV6t34p80MMKhjvUz0vRrvVJbPT0WElzaOJ/1xs+D+KDv+tD/NE5ujfrChEcshd4fLn0wpiqg==",
      "dependencies": {
        "tslib": "^2.0.0"
      },
      "peerDependencies": {
        "react": ">=16.8.0"
      }
    },
    "node_modules/@hello-pangea/dnd": {
      "version": "17.0.0",
      "resolved": "https://registry.npmjs.org/@hello-pangea/dnd/-/dnd-17.0.0.tgz",
      "integrity": "sha512-LDDPOix/5N0j5QZxubiW9T0M0+1PR0rTDWeZF5pu1Tz91UQnuVK4qQ/EjY83Qm2QeX0eM8qDXANfDh3VVqtR4Q==",
      "dependencies": {
        "@babel/runtime": "^7.25.6",
        "css-box-model": "^1.2.1",
        "memoize-one": "^6.0.0",
        "raf-schd": "^4.0.3",
        "react-redux": "^9.1.2",
        "redux": "^5.0.1",
        "use-memo-one": "^1.1.3"
      },
      "peerDependencies": {
        "react": "^18.0.0",
        "react-dom": "^18.0.0"
      }
    },
    "node_modules/@hello-pangea/dnd/node_modules/react-redux": {
      "version": "9.1.2",
      "resolved": "https://registry.npmjs.org/react-redux/-/react-redux-9.1.2.tgz",
      "integrity": "sha512-0OA4dhM1W48l3uzmv6B7TXPCGmokUU4p1M44DGN2/D9a1FjVPukVjER1PcPX97jIg6aUeLq1XJo1IpfbgULn0w==",
      "dependencies": {
        "@types/use-sync-external-store": "^0.0.3",
        "use-sync-external-store": "^1.0.0"
      },
      "peerDependencies": {
        "@types/react": "^18.2.25",
        "react": "^18.0",
        "redux": "^5.0.0"
      },
      "peerDependenciesMeta": {
        "@types/react": {
          "optional": true
        },
        "redux": {
          "optional": true
        }
      }
    },
    "node_modules/@hello-pangea/dnd/node_modules/redux": {
      "version": "5.0.1",
      "resolved": "https://registry.npmjs.org/redux/-/redux-5.0.1.tgz",
      "integrity": "sha512-M9/ELqF6fy8FwmkpnF0S3YKOqMyoWJ4+CS5Efg2ct3oY9daQvd/Pc71FpGZsVsbl3Cpb+IIcjBDUnnyBdQbq4w=="
    },
    "node_modules/@radix-ui/primitive": {
      "version": "1.1.0",
      "resolved": "https://registry.npmjs.org/@radix-ui/primitive/-/primitive-1.1.0.tgz",
      "integrity": "sha512-4Z8dn6Upk0qk4P74xBhZ6Hd/w0mPEzOOLxy4xiPXOXqjF7jZS0VAKk7/x/H6FyY2zCkYJqePf1G5KmkmNJ4RBA=="
    },
    "node_modules/@radix-ui/react-collection": {
      "version": "1.1.0",
      "resolved": "https://registry.npmjs.org/@radix-ui/react-collection/-/react-collection-1.1.0.tgz",
      "integrity": "sha512-GZsZslMJEyo1VKm5L1ZJY8tGDxZNPAoUeQUIbKeJfoi7Q4kmig5AsgLMYYuyYbfjd8fBmFORAIwYAkXMnXZgZw==",
      "dependencies": {
        "@radix-ui/react-compose-refs": "1.1.0",
        "@radix-ui/react-context": "1.1.0",
        "@radix-ui/react-primitive": "2.0.0",
        "@radix-ui/react-slot": "1.1.0"
      },
      "peerDependencies": {
        "@types/react": "*",
        "@types/react-dom": "*",
        "react": "^16.8 || ^17.0 || ^18.0 || ^19.0 || ^19.0.0-rc",
        "react-dom": "^16.8 || ^17.0 || ^18.0 || ^19.0 || ^19.0.0-rc"
      },
      "peerDependenciesMeta": {
        "@types/react": {
          "optional": true
        },
        "@types/react-dom": {
          "optional": true
        }
      }
    },
    "node_modules/@radix-ui/react-collection/node_modules/@radix-ui/react-context": {
      "version": "1.1.0",
      "resolved": "https://registry.npmjs.org/@radix-ui/react-context/-/react-context-1.1.0.tgz",
      "integrity": "sha512-OKrckBy+sMEgYM/sMmqmErVn0kZqrHPJze+Ql3DzYsDDp0hl0L62nx/2122/Bvps1qz645jlcu2tD9lrRSdf8A==",
      "peerDependencies": {
        "@types/react": "*",
        "react": "^16.8 || ^17.0 || ^18.0 || ^19.0 || ^19.0.0-rc"
      },
      "peerDependenciesMeta": {
        "@types/react": {
          "optional": true
        }
      }
    },
    "node_modules/@radix-ui/react-compose-refs": {
      "version": "1.1.0",
      "resolved": "https://registry.npmjs.org/@radix-ui/react-compose-refs/-/react-compose-refs-1.1.0.tgz",
      "integrity": "sha512-b4inOtiaOnYf9KWyO3jAeeCG6FeyfY6ldiEPanbUjWd+xIk5wZeHa8yVwmrJ2vderhu/BQvzCrJI0lHd+wIiqw==",
      "peerDependencies": {
        "@types/react": "*",
        "react": "^16.8 || ^17.0 || ^18.0 || ^19.0 || ^19.0.0-rc"
      },
      "peerDependenciesMeta": {
        "@types/react": {
          "optional": true
        }
      }
    },
    "node_modules/@radix-ui/react-context": {
      "version": "1.1.1",
      "resolved": "https://registry.npmjs.org/@radix-ui/react-context/-/react-context-1.1.1.tgz",
      "integrity": "sha512-UASk9zi+crv9WteK/NU4PLvOoL3OuE6BWVKNF6hPRBtYBDXQ2u5iu3O59zUlJiTVvkyuycnqrztsHVJwcK9K+Q==",
      "peerDependencies": {
        "@types/react": "*",
        "react": "^16.8 || ^17.0 || ^18.0 || ^19.0 || ^19.0.0-rc"
      },
      "peerDependenciesMeta": {
        "@types/react": {
          "optional": true
        }
      }
    },
    "node_modules/@radix-ui/react-direction": {
      "version": "1.1.0",
      "resolved": "https://registry.npmjs.org/@radix-ui/react-direction/-/react-direction-1.1.0.tgz",
      "integrity": "sha512-BUuBvgThEiAXh2DWu93XsT+a3aWrGqolGlqqw5VU1kG7p/ZH2cuDlM1sRLNnY3QcBS69UIz2mcKhMxDsdewhjg==",
      "peerDependencies": {
        "@types/react": "*",
        "react": "^16.8 || ^17.0 || ^18.0 || ^19.0 || ^19.0.0-rc"
      },
      "peerDependenciesMeta": {
        "@types/react": {
          "optional": true
        }
      }
    },
    "node_modules/@radix-ui/react-id": {
      "version": "1.1.0",
      "resolved": "https://registry.npmjs.org/@radix-ui/react-id/-/react-id-1.1.0.tgz",
      "integrity": "sha512-EJUrI8yYh7WOjNOqpoJaf1jlFIH2LvtgAl+YcFqNCa+4hj64ZXmPkAKOFs/ukjz3byN6bdb/AVUqHkI8/uWWMA==",
      "dependencies": {
        "@radix-ui/react-use-layout-effect": "1.1.0"
      },
      "peerDependencies": {
        "@types/react": "*",
        "react": "^16.8 || ^17.0 || ^18.0 || ^19.0 || ^19.0.0-rc"
      },
      "peerDependenciesMeta": {
        "@types/react": {
          "optional": true
        }
      }
    },
    "node_modules/@radix-ui/react-presence": {
      "version": "1.1.1",
      "resolved": "https://registry.npmjs.org/@radix-ui/react-presence/-/react-presence-1.1.1.tgz",
      "integrity": "sha512-IeFXVi4YS1K0wVZzXNrbaaUvIJ3qdY+/Ih4eHFhWA9SwGR9UDX7Ck8abvL57C4cv3wwMvUE0OG69Qc3NCcTe/A==",
      "dependencies": {
        "@radix-ui/react-compose-refs": "1.1.0",
        "@radix-ui/react-use-layout-effect": "1.1.0"
      },
      "peerDependencies": {
        "@types/react": "*",
        "@types/react-dom": "*",
        "react": "^16.8 || ^17.0 || ^18.0 || ^19.0 || ^19.0.0-rc",
        "react-dom": "^16.8 || ^17.0 || ^18.0 || ^19.0 || ^19.0.0-rc"
      },
      "peerDependenciesMeta": {
        "@types/react": {
          "optional": true
        },
        "@types/react-dom": {
          "optional": true
        }
      }
    },
    "node_modules/@radix-ui/react-primitive": {
      "version": "2.0.0",
      "resolved": "https://registry.npmjs.org/@radix-ui/react-primitive/-/react-primitive-2.0.0.tgz",
      "integrity": "sha512-ZSpFm0/uHa8zTvKBDjLFWLo8dkr4MBsiDLz0g3gMUwqgLHz9rTaRRGYDgvZPtBJgYCBKXkS9fzmoySgr8CO6Cw==",
      "dependencies": {
        "@radix-ui/react-slot": "1.1.0"
      },
      "peerDependencies": {
        "@types/react": "*",
        "@types/react-dom": "*",
        "react": "^16.8 || ^17.0 || ^18.0 || ^19.0 || ^19.0.0-rc",
        "react-dom": "^16.8 || ^17.0 || ^18.0 || ^19.0 || ^19.0.0-rc"
      },
      "peerDependenciesMeta": {
        "@types/react": {
          "optional": true
        },
        "@types/react-dom": {
          "optional": true
        }
      }
    },
    "node_modules/@radix-ui/react-roving-focus": {
      "version": "1.1.0",
      "resolved": "https://registry.npmjs.org/@radix-ui/react-roving-focus/-/react-roving-focus-1.1.0.tgz",
      "integrity": "sha512-EA6AMGeq9AEeQDeSH0aZgG198qkfHSbvWTf1HvoDmOB5bBG/qTxjYMWUKMnYiV6J/iP/J8MEFSuB2zRU2n7ODA==",
      "dependencies": {
        "@radix-ui/primitive": "1.1.0",
        "@radix-ui/react-collection": "1.1.0",
        "@radix-ui/react-compose-refs": "1.1.0",
        "@radix-ui/react-context": "1.1.0",
        "@radix-ui/react-direction": "1.1.0",
        "@radix-ui/react-id": "1.1.0",
        "@radix-ui/react-primitive": "2.0.0",
        "@radix-ui/react-use-callback-ref": "1.1.0",
        "@radix-ui/react-use-controllable-state": "1.1.0"
      },
      "peerDependencies": {
        "@types/react": "*",
        "@types/react-dom": "*",
        "react": "^16.8 || ^17.0 || ^18.0 || ^19.0 || ^19.0.0-rc",
        "react-dom": "^16.8 || ^17.0 || ^18.0 || ^19.0 || ^19.0.0-rc"
      },
      "peerDependenciesMeta": {
        "@types/react": {
          "optional": true
        },
        "@types/react-dom": {
          "optional": true
        }
      }
    },
    "node_modules/@radix-ui/react-roving-focus/node_modules/@radix-ui/react-context": {
      "version": "1.1.0",
      "resolved": "https://registry.npmjs.org/@radix-ui/react-context/-/react-context-1.1.0.tgz",
      "integrity": "sha512-OKrckBy+sMEgYM/sMmqmErVn0kZqrHPJze+Ql3DzYsDDp0hl0L62nx/2122/Bvps1qz645jlcu2tD9lrRSdf8A==",
      "peerDependencies": {
        "@types/react": "*",
        "react": "^16.8 || ^17.0 || ^18.0 || ^19.0 || ^19.0.0-rc"
      },
      "peerDependenciesMeta": {
        "@types/react": {
          "optional": true
        }
      }
    },
    "node_modules/@radix-ui/react-slot": {
      "version": "1.1.0",
      "resolved": "https://registry.npmjs.org/@radix-ui/react-slot/-/react-slot-1.1.0.tgz",
      "integrity": "sha512-FUCf5XMfmW4dtYl69pdS4DbxKy8nj4M7SafBgPllysxmdachynNflAdp/gCsnYWNDnge6tI9onzMp5ARYc1KNw==",
      "dependencies": {
        "@radix-ui/react-compose-refs": "1.1.0"
      },
      "peerDependencies": {
        "@types/react": "*",
        "react": "^16.8 || ^17.0 || ^18.0 || ^19.0 || ^19.0.0-rc"
      },
      "peerDependenciesMeta": {
        "@types/react": {
          "optional": true
        }
      }
    },
    "node_modules/@radix-ui/react-tabs": {
      "version": "1.1.1",
      "resolved": "https://registry.npmjs.org/@radix-ui/react-tabs/-/react-tabs-1.1.1.tgz",
      "integrity": "sha512-3GBUDmP2DvzmtYLMsHmpA1GtR46ZDZ+OreXM/N+kkQJOPIgytFWWTfDQmBQKBvaFS0Vno0FktdbVzN28KGrMdw==",
      "dependencies": {
        "@radix-ui/primitive": "1.1.0",
        "@radix-ui/react-context": "1.1.1",
        "@radix-ui/react-direction": "1.1.0",
        "@radix-ui/react-id": "1.1.0",
        "@radix-ui/react-presence": "1.1.1",
        "@radix-ui/react-primitive": "2.0.0",
        "@radix-ui/react-roving-focus": "1.1.0",
        "@radix-ui/react-use-controllable-state": "1.1.0"
      },
      "peerDependencies": {
        "@types/react": "*",
        "@types/react-dom": "*",
        "react": "^16.8 || ^17.0 || ^18.0 || ^19.0 || ^19.0.0-rc",
        "react-dom": "^16.8 || ^17.0 || ^18.0 || ^19.0 || ^19.0.0-rc"
      },
      "peerDependenciesMeta": {
        "@types/react": {
          "optional": true
        },
        "@types/react-dom": {
          "optional": true
        }
      }
    },
    "node_modules/@radix-ui/react-use-callback-ref": {
      "version": "1.1.0",
      "resolved": "https://registry.npmjs.org/@radix-ui/react-use-callback-ref/-/react-use-callback-ref-1.1.0.tgz",
      "integrity": "sha512-CasTfvsy+frcFkbXtSJ2Zu9JHpN8TYKxkgJGWbjiZhFivxaeW7rMeZt7QELGVLaYVfFMsKHjb7Ak0nMEe+2Vfw==",
      "peerDependencies": {
        "@types/react": "*",
        "react": "^16.8 || ^17.0 || ^18.0 || ^19.0 || ^19.0.0-rc"
      },
      "peerDependenciesMeta": {
        "@types/react": {
          "optional": true
        }
      }
    },
    "node_modules/@radix-ui/react-use-controllable-state": {
      "version": "1.1.0",
      "resolved": "https://registry.npmjs.org/@radix-ui/react-use-controllable-state/-/react-use-controllable-state-1.1.0.tgz",
      "integrity": "sha512-MtfMVJiSr2NjzS0Aa90NPTnvTSg6C/JLCV7ma0W6+OMV78vd8OyRpID+Ng9LxzsPbLeuBnWBA1Nq30AtBIDChw==",
      "dependencies": {
        "@radix-ui/react-use-callback-ref": "1.1.0"
      },
      "peerDependencies": {
        "@types/react": "*",
        "react": "^16.8 || ^17.0 || ^18.0 || ^19.0 || ^19.0.0-rc"
      },
      "peerDependenciesMeta": {
        "@types/react": {
          "optional": true
        }
      }
    },
    "node_modules/@radix-ui/react-use-layout-effect": {
      "version": "1.1.0",
      "resolved": "https://registry.npmjs.org/@radix-ui/react-use-layout-effect/-/react-use-layout-effect-1.1.0.tgz",
      "integrity": "sha512-+FPE0rOdziWSrH9athwI1R0HDVbWlEhd+FR+aSDk4uWGmSJ9Z54sdZVDQPZAinJhJXwfT+qnj969mCsT2gfm5w==",
      "peerDependencies": {
        "@types/react": "*",
        "react": "^16.8 || ^17.0 || ^18.0 || ^19.0 || ^19.0.0-rc"
      },
      "peerDependenciesMeta": {
        "@types/react": {
          "optional": true
        }
      }
    },
    "node_modules/@react-dnd/asap": {
      "version": "5.0.2",
      "resolved": "https://registry.npmjs.org/@react-dnd/asap/-/asap-5.0.2.tgz",
      "integrity": "sha512-WLyfoHvxhs0V9U+GTsGilGgf2QsPl6ZZ44fnv0/b8T3nQyvzxidxsg/ZltbWssbsRDlYW8UKSQMTGotuTotZ6A=="
    },
    "node_modules/@react-dnd/invariant": {
      "version": "4.0.2",
      "resolved": "https://registry.npmjs.org/@react-dnd/invariant/-/invariant-4.0.2.tgz",
      "integrity": "sha512-xKCTqAK/FFauOM9Ta2pswIyT3D8AQlfrYdOi/toTPEhqCuAs1v5tcJ3Y08Izh1cJ5Jchwy9SeAXmMg6zrKs2iw=="
    },
    "node_modules/@react-dnd/shallowequal": {
      "version": "4.0.2",
      "resolved": "https://registry.npmjs.org/@react-dnd/shallowequal/-/shallowequal-4.0.2.tgz",
      "integrity": "sha512-/RVXdLvJxLg4QKvMoM5WlwNR9ViO9z8B/qPcc+C0Sa/teJY7QG7kJ441DwzOjMYEY7GmU4dj5EcGHIkKZiQZCA=="
    },
    "node_modules/@remix-run/router": {
      "version": "1.21.0",
      "resolved": "https://registry.npmjs.org/@remix-run/router/-/router-1.21.0.tgz",
      "integrity": "sha512-xfSkCAchbdG5PnbrKqFWwia4Bi61nH+wm8wLEqfHDyp7Y3dZzgqS2itV8i4gAq9pC2HsTpwyBC6Ds8VHZ96JlA==",
      "engines": {
        "node": ">=14.0.0"
      }
    },
    "node_modules/@types/prop-types": {
      "version": "15.7.13",
      "resolved": "https://registry.npmjs.org/@types/prop-types/-/prop-types-15.7.13.tgz",
      "integrity": "sha512-hCZTSvwbzWGvhqxp/RqVqwU999pBf2vp7hzIjiYOsl8wqOmUxkQ6ddw1cV3l8811+kdUFus/q4d1Y3E3SyEifA==",
      "optional": true,
      "peer": true
    },
    "node_modules/@types/react": {
      "version": "18.3.12",
      "resolved": "https://registry.npmjs.org/@types/react/-/react-18.3.12.tgz",
      "integrity": "sha512-D2wOSq/d6Agt28q7rSI3jhU7G6aiuzljDGZ2hTZHIkrTLUI+AF3WMeKkEZ9nN2fkBAlcktT6vcZjDFiIhMYEQw==",
      "optional": true,
      "peer": true,
      "dependencies": {
        "@types/prop-types": "*",
        "csstype": "^3.0.2"
      }
    },
    "node_modules/@types/use-sync-external-store": {
      "version": "0.0.3",
      "resolved": "https://registry.npmjs.org/@types/use-sync-external-store/-/use-sync-external-store-0.0.3.tgz",
      "integrity": "sha512-EwmlvuaxPNej9+T4v5AuBPJa2x2UOJVdjCtDHgcDqitUeOtjnJKJ+apYjVcAoBEMjKW1VVFGZLUb5+qqa09XFA=="
    },
    "node_modules/clsx": {
      "version": "2.1.1",
      "resolved": "https://registry.npmjs.org/clsx/-/clsx-2.1.1.tgz",
      "integrity": "sha512-eYm0QWBtUrBWZWG0d386OGAw16Z995PiOVo2B7bjWSbHedGl5e0ZWaq65kOGgUSNesEIDkB9ISbTg/JK9dhCZA==",
      "engines": {
        "node": ">=6"
      }
    },
    "node_modules/css-box-model": {
      "version": "1.2.1",
      "resolved": "https://registry.npmjs.org/css-box-model/-/css-box-model-1.2.1.tgz",
      "integrity": "sha512-a7Vr4Q/kd/aw96bnJG332W9V9LkJO69JRcaCYDUqjp6/z0w6VcZjgAcTbgFxEPfBgdnAwlh3iwu+hLopa+flJw==",
      "dependencies": {
        "tiny-invariant": "^1.0.6"
      }
    },
    "node_modules/csstype": {
      "version": "3.1.3",
      "resolved": "https://registry.npmjs.org/csstype/-/csstype-3.1.3.tgz",
      "integrity": "sha512-M1uQkMl8rQK/szD0LNhtqxIPLpimGm8sOBwU7lLnCpSbTyY3yeU1Vc7l4KT5zT4s/yOxHH5O7tIuuLOCnLADRw==",
      "optional": true,
      "peer": true
    },
    "node_modules/dnd-core": {
      "version": "16.0.1",
      "resolved": "https://registry.npmjs.org/dnd-core/-/dnd-core-16.0.1.tgz",
      "integrity": "sha512-HK294sl7tbw6F6IeuK16YSBUoorvHpY8RHO+9yFfaJyCDVb6n7PRcezrOEOa2SBCqiYpemh5Jx20ZcjKdFAVng==",
      "dependencies": {
        "@react-dnd/asap": "^5.0.1",
        "@react-dnd/invariant": "^4.0.1",
        "redux": "^4.2.0"
      }
    },
    "node_modules/fast-deep-equal": {
      "version": "3.1.3",
      "resolved": "https://registry.npmjs.org/fast-deep-equal/-/fast-deep-equal-3.1.3.tgz",
      "integrity": "sha512-f3qQ9oQy9j2AhBe/H9VC91wLmKBCCU/gDOnKNAYG5hswO7BLKj09Hc5HYNz9cGI++xlpDCIgDaitVs03ATR84Q=="
    },
    "node_modules/hoist-non-react-statics": {
      "version": "3.3.2",
      "resolved": "https://registry.npmjs.org/hoist-non-react-statics/-/hoist-non-react-statics-3.3.2.tgz",
      "integrity": "sha512-/gGivxi8JPKWNm/W0jSmzcMPpfpPLc3dY/6GxhX2hQ9iGj3aDfklV4ET7NjKpSinLpJ5vafa9iiGIEZg10SfBw==",
      "dependencies": {
        "react-is": "^16.7.0"
      }
    },
    "node_modules/js-tokens": {
      "version": "4.0.0",
      "resolved": "https://registry.npmjs.org/js-tokens/-/js-tokens-4.0.0.tgz",
      "integrity": "sha512-RdJUflcE3cUzKiMqQgsCu06FPu9UdIJO0beYbPhHN4k6apgJtifcoCtT9bcxOpYBtpD2kCM6Sbzg4CausW/PKQ=="
    },
    "node_modules/loose-envify": {
      "version": "1.4.0",
      "resolved": "https://registry.npmjs.org/loose-envify/-/loose-envify-1.4.0.tgz",
      "integrity": "sha512-lyuxPGr/Wfhrlem2CL/UcnUc1zcqKAImBDzukY7Y5F/yQiNdko6+fRLevlw1HgMySw7f611UIY408EtxRSoK3Q==",
      "dependencies": {
        "js-tokens": "^3.0.0 || ^4.0.0"
      },
      "bin": {
        "loose-envify": "cli.js"
      }
    },
    "node_modules/lucide-react": {
      "version": "0.460.0",
      "resolved": "https://registry.npmjs.org/lucide-react/-/lucide-react-0.460.0.tgz",
      "integrity": "sha512-BVtq/DykVeIvRTJvRAgCsOwaGL8Un3Bxh8MbDxMhEWlZay3T4IpEKDEpwt5KZ0KJMHzgm6jrltxlT5eXOWXDHg==",
      "peerDependencies": {
        "react": "^16.5.1 || ^17.0.0 || ^18.0.0 || ^19.0.0-rc"
      }
    },
    "node_modules/memoize-one": {
      "version": "6.0.0",
      "resolved": "https://registry.npmjs.org/memoize-one/-/memoize-one-6.0.0.tgz",
      "integrity": "sha512-rkpe71W0N0c0Xz6QD0eJETuWAJGnJ9afsl1srmwPrI+yBCkge5EycXXbYRyvL29zZVUWQCY7InPRCv3GDXuZNw=="
    },
    "node_modules/raf-schd": {
      "version": "4.0.3",
      "resolved": "https://registry.npmjs.org/raf-schd/-/raf-schd-4.0.3.tgz",
      "integrity": "sha512-tQkJl2GRWh83ui2DiPTJz9wEiMN20syf+5oKfB03yYP7ioZcJwsIK8FjrtLwH1m7C7e+Tt2yYBlrOpdT+dyeIQ=="
    },
    "node_modules/react": {
      "version": "18.3.1",
      "resolved": "https://registry.npmjs.org/react/-/react-18.3.1.tgz",
      "integrity": "sha512-wS+hAgJShR0KhEvPJArfuPVN1+Hz1t0Y6n5jLrGQbkb4urgPE/0Rve+1kMB1v/oWgHgm4WIcV+i7F2pTVj+2iQ==",
      "dependencies": {
        "loose-envify": "^1.1.0"
      },
      "engines": {
        "node": ">=0.10.0"
      }
    },
    "node_modules/react-dnd": {
      "version": "16.0.1",
      "resolved": "https://registry.npmjs.org/react-dnd/-/react-dnd-16.0.1.tgz",
      "integrity": "sha512-QeoM/i73HHu2XF9aKksIUuamHPDvRglEwdHL4jsp784BgUuWcg6mzfxT0QDdQz8Wj0qyRKx2eMg8iZtWvU4E2Q==",
      "dependencies": {
        "@react-dnd/invariant": "^4.0.1",
        "@react-dnd/shallowequal": "^4.0.1",
        "dnd-core": "^16.0.1",
        "fast-deep-equal": "^3.1.3",
        "hoist-non-react-statics": "^3.3.2"
      },
      "peerDependencies": {
        "@types/hoist-non-react-statics": ">= 3.3.1",
        "@types/node": ">= 12",
        "@types/react": ">= 16",
        "react": ">= 16.14"
      },
      "peerDependenciesMeta": {
        "@types/hoist-non-react-statics": {
          "optional": true
        },
        "@types/node": {
          "optional": true
        },
        "@types/react": {
          "optional": true
        }
      }
    },
    "node_modules/react-dnd-html5-backend": {
      "version": "16.0.1",
      "resolved": "https://registry.npmjs.org/react-dnd-html5-backend/-/react-dnd-html5-backend-16.0.1.tgz",
      "integrity": "sha512-Wu3dw5aDJmOGw8WjH1I1/yTH+vlXEL4vmjk5p+MHxP8HuHJS1lAGeIdG/hze1AvNeXWo/JgULV87LyQOr+r5jw==",
      "dependencies": {
        "dnd-core": "^16.0.1"
      }
    },
    "node_modules/react-dom": {
      "version": "18.3.1",
      "resolved": "https://registry.npmjs.org/react-dom/-/react-dom-18.3.1.tgz",
      "integrity": "sha512-5m4nQKp+rZRb09LNH59GM4BxTh9251/ylbKIbpe7TpGxfJ+9kv6BLkLBXIjjspbgbnIBNqlI23tRnTWT0snUIw==",
      "dependencies": {
        "loose-envify": "^1.1.0",
        "scheduler": "^0.23.2"
      },
      "peerDependencies": {
        "react": "^18.3.1"
      }
    },
    "node_modules/react-is": {
      "version": "16.13.1",
      "resolved": "https://registry.npmjs.org/react-is/-/react-is-16.13.1.tgz",
      "integrity": "sha512-24e6ynE2H+OKt4kqsOvNd8kBpV65zoxbA4BVsEOB3ARVWQki/DHzaUoC5KuON/BiccDaCCTZBuOcfZs70kR8bQ=="
    },
    "node_modules/react-router": {
      "version": "6.28.0",
      "resolved": "https://registry.npmjs.org/react-router/-/react-router-6.28.0.tgz",
      "integrity": "sha512-HrYdIFqdrnhDw0PqG/AKjAqEqM7AvxCz0DQ4h2W8k6nqmc5uRBYDag0SBxx9iYz5G8gnuNVLzUe13wl9eAsXXg==",
      "dependencies": {
        "@remix-run/router": "1.21.0"
      },
      "engines": {
        "node": ">=14.0.0"
      },
      "peerDependencies": {
        "react": ">=16.8"
      }
    },
    "node_modules/react-router-dom": {
      "version": "6.28.0",
      "resolved": "https://registry.npmjs.org/react-router-dom/-/react-router-dom-6.28.0.tgz",
      "integrity": "sha512-kQ7Unsl5YdyOltsPGl31zOjLrDv+m2VcIEcIHqYYD3Lp0UppLjrzcfJqDJwXxFw3TH/yvapbnUvPlAj7Kx5nbg==",
      "dependencies": {
        "@remix-run/router": "1.21.0",
        "react-router": "6.28.0"
      },
      "engines": {
        "node": ">=14.0.0"
      },
      "peerDependencies": {
        "react": ">=16.8",
        "react-dom": ">=16.8"
      }
    },
    "node_modules/redux": {
      "version": "4.2.1",
      "resolved": "https://registry.npmjs.org/redux/-/redux-4.2.1.tgz",
      "integrity": "sha512-LAUYz4lc+Do8/g7aeRa8JkyDErK6ekstQaqWQrNRW//MY1TvCEpMtpTWvlQ+FPbWCx+Xixu/6SHt5N0HR+SB4w==",
      "dependencies": {
        "@babel/runtime": "^7.9.2"
      }
    },
    "node_modules/regenerator-runtime": {
      "version": "0.14.1",
      "resolved": "https://registry.npmjs.org/regenerator-runtime/-/regenerator-runtime-0.14.1.tgz",
      "integrity": "sha512-dYnhHh0nJoMfnkZs6GmmhFknAGRrLznOu5nc9ML+EJxGvrx6H7teuevqVqCuPcPK//3eDrrjQhehXVx9cnkGdw=="
    },
    "node_modules/scheduler": {
      "version": "0.23.2",
      "resolved": "https://registry.npmjs.org/scheduler/-/scheduler-0.23.2.tgz",
      "integrity": "sha512-UOShsPwz7NrMUqhR6t0hWjFduvOzbtv7toDH1/hIrfRNIDBnnBWd0CwJTGvTpngVlmwGCdP9/Zl/tVrDqcuYzQ==",
      "dependencies": {
        "loose-envify": "^1.1.0"
      }
    },
    "node_modules/tailwind-merge": {
      "version": "2.5.5",
      "resolved": "https://registry.npmjs.org/tailwind-merge/-/tailwind-merge-2.5.5.tgz",
      "integrity": "sha512-0LXunzzAZzo0tEPxV3I297ffKZPlKDrjj7NXphC8V5ak9yHC5zRmxnOe2m/Rd/7ivsOMJe3JZ2JVocoDdQTRBA==",
      "funding": {
        "type": "github",
        "url": "https://github.com/sponsors/dcastil"
      }
    },
    "node_modules/tiny-invariant": {
      "version": "1.3.3",
      "resolved": "https://registry.npmjs.org/tiny-invariant/-/tiny-invariant-1.3.3.tgz",
      "integrity": "sha512-+FbBPE1o9QAYvviau/qC5SE3caw21q3xkvWKBtja5vgqOWIHHJ3ioaq1VPfn/Szqctz2bU/oYeKd9/z5BL+PVg=="
    },
    "node_modules/tslib": {
      "version": "2.8.1",
      "resolved": "https://registry.npmjs.org/tslib/-/tslib-2.8.1.tgz",
      "integrity": "sha512-oJFu94HQb+KVduSUQL7wnpmqnfmLsOA/nAh6b6EH0wCEoK0/mPeXU6c3wKDV83MkOuHPRHtSXKKU99IBazS/2w=="
    },
    "node_modules/use-memo-one": {
      "version": "1.1.3",
      "resolved": "https://registry.npmjs.org/use-memo-one/-/use-memo-one-1.1.3.tgz",
      "integrity": "sha512-g66/K7ZQGYrI6dy8GLpVcMsBp4s17xNkYJVSMvTEevGy3nDxHOfE6z8BVE22+5G5x7t3+bhzrlTDB7ObrEE0cQ==",
      "peerDependencies": {
        "react": "^16.8.0 || ^17.0.0 || ^18.0.0"
      }
    },
    "node_modules/use-sync-external-store": {
      "version": "1.2.2",
      "resolved": "https://registry.npmjs.org/use-sync-external-store/-/use-sync-external-store-1.2.2.tgz",
      "integrity": "sha512-PElTlVMwpblvbNqQ82d2n6RjStvdSoNe9FG28kNfz3WiXilJm4DdNkEzRhCZuIDwY8U08WVihhGR5iRqAwfDiw==",
      "peerDependencies": {
        "react": "^16.8.0 || ^17.0.0 || ^18.0.0"
      }
    }
  }
}
